
Microsoft Visual Studio Solution File, Format Version 12.00
# Visual Studio 15
VisualStudioVersion = 15.0.27004.2010
MinimumVisualStudioVersion = 10.0.40219.1
Project("{FAE04EC0-301F-11D3-BF4B-00C04F79EFBC}") = "SpaceEngineersScriptCompiler2", "SpaceEngineersScriptCompiler2\SpaceEngineersScriptCompiler2.csproj", "{99FD9E54-7D16-40CA-929C-58213E702A80}"
EndProject
Project("{FAE04EC0-301F-11D3-BF4B-00C04F79EFBC}") = "SpaceEngineersScriptCompiler2.Tests", "SpaceEngineersScriptCompiler2.Tests\SpaceEngineersScriptCompiler2.Tests.csproj", "{532DB182-947A-4172-BBE7-2DC47FF63A45}"
EndProject
Project("{FAE04EC0-301F-11D3-BF4B-00C04F79EFBC}") = "SpaceEngineersScriptCompiler2.TestUtils", "SpaceEngineersScriptCompiler2.TestUtils\SpaceEngineersScriptCompiler2.TestUtils.csproj", "{EDC3A62D-4189-433C-87DE-6CFFEB4B8278}"
EndProject
Global
	GlobalSection(SolutionConfigurationPlatforms) = preSolution
		Debug|Any CPU = Debug|Any CPU
		Release|Any CPU = Release|Any CPU
	EndGlobalSection
	GlobalSection(ProjectConfigurationPlatforms) = postSolution
		{99FD9E54-7D16-40CA-929C-58213E702A80}.Debug|Any CPU.ActiveCfg = Debug|Any CPU
		{99FD9E54-7D16-40CA-929C-58213E702A80}.Debug|Any CPU.Build.0 = Debug|Any CPU
		{99FD9E54-7D16-40CA-929C-58213E702A80}.Release|Any CPU.ActiveCfg = Release|Any CPU
		{99FD9E54-7D16-40CA-929C-58213E702A80}.Release|Any CPU.Build.0 = Release|Any CPU
		{532DB182-947A-4172-BBE7-2DC47FF63A45}.Debug|Any CPU.ActiveCfg = Debug|Any CPU
		{532DB182-947A-4172-BBE7-2DC47FF63A45}.Debug|Any CPU.Build.0 = Debug|Any CPU
		{532DB182-947A-4172-BBE7-2DC47FF63A45}.Release|Any CPU.ActiveCfg = Release|Any CPU
		{532DB182-947A-4172-BBE7-2DC47FF63A45}.Release|Any CPU.Build.0 = Release|Any CPU
		{EDC3A62D-4189-433C-87DE-6CFFEB4B8278}.Debug|Any CPU.ActiveCfg = Debug|Any CPU
		{EDC3A62D-4189-433C-87DE-6CFFEB4B8278}.Debug|Any CPU.Build.0 = Debug|Any CPU
		{EDC3A62D-4189-433C-87DE-6CFFEB4B8278}.Release|Any CPU.ActiveCfg = Release|Any CPU
		{EDC3A62D-4189-433C-87DE-6CFFEB4B8278}.Release|Any CPU.Build.0 = Release|Any CPU
	EndGlobalSection
	GlobalSection(SolutionProperties) = preSolution
		HideSolutionNode = FALSE
	EndGlobalSection
	GlobalSection(ExtensibilityGlobals) = postSolution
		SolutionGuid = {91CE0299-B9C5-4F53-BBDA-3FE86D989EA1}
	EndGlobalSection
EndGlobal
